
Microsoft Visual Studio Solution File, Format Version 12.00
# Visual Studio 15
VisualStudioVersion = 15.0.28307.1022
MinimumVisualStudioVersion = 10.0.40219.1
Project("{FAE04EC0-301F-11D3-BF4B-00C04F79EFBC}") = "Nedeljni_I_Dejan_Prodanovic", "Nedeljni_I_Dejan_Prodanovic\Nedeljni_I_Dejan_Prodanovic.csproj", "{164A8AD2-A481-4FDD-9FA6-2EC79364DA64}"
EndProject
Global
	GlobalSection(SolutionConfigurationPlatforms) = preSolution
		Debug|Any CPU = Debug|Any CPU
		Release|Any CPU = Release|Any CPU
	EndGlobalSection
	GlobalSection(ProjectConfigurationPlatforms) = postSolution
		{164A8AD2-A481-4FDD-9FA6-2EC79364DA64}.Debug|Any CPU.ActiveCfg = Debug|Any CPU
		{164A8AD2-A481-4FDD-9FA6-2EC79364DA64}.Debug|Any CPU.Build.0 = Debug|Any CPU
		{164A8AD2-A481-4FDD-9FA6-2EC79364DA64}.Release|Any CPU.ActiveCfg = Release|Any CPU
		{164A8AD2-A481-4FDD-9FA6-2EC79364DA64}.Release|Any CPU.Build.0 = Release|Any CPU
	EndGlobalSection
	GlobalSection(SolutionProperties) = preSolution
		HideSolutionNode = FALSE
	EndGlobalSection
	GlobalSection(ExtensibilityGlobals) = postSolution
		SolutionGuid = {7069B256-859A-48D3-8A24-B8FFB6BDB9CC}
	EndGlobalSection
EndGlobal
